// !$*UTF8*$!
{
	archiveVersion = 1;
	classes = {
	};
	objectVersion = 77;
	objects = {

/* Begin PBXContainerItemProxy section */
		4200FDB72CA2D0B700818943 /* PBXContainerItemProxy */ = {
			isa = PBXContainerItemProxy;
			containerPortal = 4200FD992CA2D0B600818943 /* Project object */;
			proxyType = 1;
			remoteGlobalIDString = 4200FDA02CA2D0B600818943;
			remoteInfo = "Astroid Blaster3D";
		};
		4200FDC12CA2D0B700818943 /* PBXContainerItemProxy */ = {
			isa = PBXContainerItemProxy;
			containerPortal = 4200FD992CA2D0B600818943 /* Project object */;
			proxyType = 1;
			remoteGlobalIDString = 4200FDA02CA2D0B600818943;
			remoteInfo = "Astroid Blaster3D";
		};
/* End PBXContainerItemProxy section */

/* Begin PBXFileReference section */
		4200FDA12CA2D0B600818943 /* Astroid Blaster3D.app */ = {isa = PBXFileReference; explicitFileType = wrapper.application; includeInIndex = 0; path = "Astroid Blaster3D.app"; sourceTree = BUILT_PRODUCTS_DIR; };
		4200FDB62CA2D0B700818943 /* Astroid Blaster3DTests.xctest */ = {isa = PBXFileReference; explicitFileType = wrapper.cfbundle; includeInIndex = 0; path = "Astroid Blaster3DTests.xctest"; sourceTree = BUILT_PRODUCTS_DIR; };
		4200FDC02CA2D0B700818943 /* Astroid Blaster3DUITests.xctest */ = {isa = PBXFileReference; explicitFileType = wrapper.cfbundle; includeInIndex = 0; path = "Astroid Blaster3DUITests.xctest"; sourceTree = BUILT_PRODUCTS_DIR; };
/* End PBXFileReference section */

/* Begin PBXFileSystemSynchronizedRootGroup section */
		42E9E9662ECE16BF0023589C /* Astroid Blaster3D */ = {
			isa = PBXFileSystemSynchronizedRootGroup;
			path = "Astroid Blaster3D";
			sourceTree = "<group>";
		};
/* End PBXFileSystemSynchronizedRootGroup section */

/* Begin PBXFrameworksBuildPhase section */
		4200FD9E2CA2D0B600818943 /* Frameworks */ = {
			isa = PBXFrameworksBuildPhase;
			buildActionMask = 2147483647;
			files = (
			);
			runOnlyForDeploymentPostprocessing = 0;
		};
		4200FDB32CA2D0B700818943 /* Frameworks */ = {
			isa = PBXFrameworksBuildPhase;
			buildActionMask = 2147483647;
			files = (
			);
			runOnlyForDeploymentPostprocessing = 0;
		};
		4200FDBD2CA2D0B700818943 /* Frameworks */ = {
			isa = PBXFrameworksBuildPhase;
			buildActionMask = 2147483647;
			files = (
			);
			runOnlyForDeploymentPostprocessing = 0;
		};
/* End PBXFrameworksBuildPhase section */

/* Begin PBXGroup section */
		4200FD982CA2D0B600818943 = {
			isa = PBXGroup;
			children = (
				4200FDA22CA2D0B600818943 /* Products */,
				42E9E9662ECE16BF0023589C /* Astroid Blaster3D */,
			);
			sourceTree = "<group>";
		};
		4200FDA22CA2D0B600818943 /* Products */ = {
			isa = PBXGroup;
			children = (
				4200FDA12CA2D0B600818943 /* Astroid Blaster3D.app */,
				4200FDB62CA2D0B700818943 /* Astroid Blaster3DTests.xctest */,
				4200FDC02CA2D0B700818943 /* Astroid Blaster3DUITests.xctest */,
			);
			name = Products;
			sourceTree = "<group>";
		};
/* End PBXGroup section */

/* Begin PBXNativeTarget section */
		4200FDA02CA2D0B600818943 /* Astroid Blaster3D */ = {
			isa = PBXNativeTarget;
			buildConfigurationList = 4200FDCA2CA2D0B700818943 /* Build configuration list for PBXNativeTarget "Astroid Blaster3D" */;
			buildPhases = (
				4200FD9D2CA2D0B600818943 /* Sources */,
				4200FD9E2CA2D0B600818943 /* Frameworks */,
				4200FD9F2CA2D0B600818943 /* Resources */,
			);
			buildRules = (
			);
			dependencies = (
			);
			fileSystemSynchronizedGroups = (
				42E9E9662ECE16BF0023589C /* Astroid Blaster3D */,
			);
			name = "Astroid Blaster3D";
			packageProductDependencies = (
			);
			productName = "Astroid Blaster3D";
			productReference = 4200FDA12CA2D0B600818943 /* Astroid Blaster3D.app */;
			productType = "com.apple.product-type.application";
		};
		4200FDB52CA2D0B700818943 /* Astroid Blaster3DTests */ = {
			isa = PBXNativeTarget;
			buildConfigurationList = 4200FDCD2CA2D0B700818943 /* Build configuration list for PBXNativeTarget "Astroid Blaster3DTests" */;
			buildPhases = (
				4200FDB22CA2D0B700818943 /* Sources */,
				4200FDB32CA2D0B700818943 /* Frameworks */,
				4200FDB42CA2D0B700818943 /* Resources */,
			);
			buildRules = (
			);
			dependencies = (
				4200FDB82CA2D0B700818943 /* PBXTargetDependency */,
			);
			name = "Astroid Blaster3DTests";
			packageProductDependencies = (
			);
			productName = "Astroid Blaster3DTests";
			productReference = 4200FDB62CA2D0B700818943 /* Astroid Blaster3DTests.xctest */;
			productType = "com.apple.product-type.bundle.unit-test";
		};
		4200FDBF2CA2D0B700818943 /* Astroid Blaster3DUITests */ = {
			isa = PBXNativeTarget;
			buildConfigurationList = 4200FDD02CA2D0B700818943 /* Build configuration list for PBXNativeTarget "Astroid Blaster3DUITests" */;
			buildPhases = (
				4200FDBC2CA2D0B700818943 /* Sources */,
				4200FDBD2CA2D0B700818943 /* Frameworks */,
				4200FDBE2CA2D0B700818943 /* Resources */,
			);
			buildRules = (
			);
			dependencies = (
				4200FDC22CA2D0B700818943 /* PBXTargetDependency */,
			);
			name = "Astroid Blaster3DUITests";
			packageProductDependencies = (
			);
			productName = "Astroid Blaster3DUITests";
			productReference = 4200FDC02CA2D0B700818943 /* Astroid Blaster3DUITests.xctest */;
			productType = "com.apple.product-type.bundle.ui-testing";
		};
/* End PBXNativeTarget section */

/* Begin PBXProject section */
		4200FD992CA2D0B600818943 /* Project object */ = {
			isa = PBXProject;
			attributes = {
				BuildIndependentTargetsInParallel = 1;
				LastSwiftUpdateCheck = 1600;
				LastUpgradeCheck = 1600;
				TargetAttributes = {
					4200FDA02CA2D0B600818943 = {
						CreatedOnToolsVersion = 16.0;
					};
					4200FDB52CA2D0B700818943 = {
						CreatedOnToolsVersion = 16.0;
						TestTargetID = 4200FDA02CA2D0B600818943;
					};
					4200FDBF2CA2D0B700818943 = {
						CreatedOnToolsVersion = 16.0;
						TestTargetID = 4200FDA02CA2D0B600818943;
					};
				};
			};
			buildConfigurationList = 4200FD9C2CA2D0B600818943 /* Build configuration list for PBXProject "Astroid Blaster3D" */;
			developmentRegion = en;
			hasScannedForEncodings = 0;
			knownRegions = (
				en,
				Base,
			);
			mainGroup = 4200FD982CA2D0B600818943;
			minimizedProjectReferenceProxies = 1;
			preferredProjectObjectVersion = 77;
			productRefGroup = 4200FDA22CA2D0B600818943 /* Products */;
			projectDirPath = "";
			projectRoot = "";
			targets = (
				4200FDA02CA2D0B600818943 /* Astroid Blaster3D */,
				4200FDB52CA2D0B700818943 /* Astroid Blaster3DTests */,
				4200FDBF2CA2D0B700818943 /* Astroid Blaster3DUITests */,
			);
		};
/* End PBXProject section */

/* Begin PBXResourcesBuildPhase section */
		4200FD9F2CA2D0B600818943 /* Resources */ = {
			isa = PBXResourcesBuildPhase;
			buildActionMask = 2147483647;
			files = (
			);
			runOnlyForDeploymentPostprocessing = 0;
		};
		4200FDB42CA2D0B700818943 /* Resources */ = {
			isa = PBXResourcesBuildPhase;
			buildActionMask = 2147483647;
			files = (
			);
			runOnlyForDeploymentPostprocessing = 0;
		};
		4200FDBE2CA2D0B700818943 /* Resources */ = {
			isa = PBXResourcesBuildPhase;
			buildActionMask = 2147483647;
			files = (
			);
			runOnlyForDeploymentPostprocessing = 0;
		};
/* End PBXResourcesBuildPhase section */

/* Begin PBXSourcesBuildPhase section */
		4200FD9D2CA2D0B600818943 /* Sources */ = {
			isa = PBXSourcesBuildPhase;
			buildActionMask = 2147483647;
			files = (
			);
			runOnlyForDeploymentPostprocessing = 0;
		};
		4200FDB22CA2D0B700818943 /* Sources */ = {
			isa = PBXSourcesBuildPhase;
			buildActionMask = 2147483647;
			files = (
			);
			runOnlyForDeploymentPostprocessing = 0;
		};
		4200FDBC2CA2D0B700818943 /* Sources */ = {
			isa = PBXSourcesBuildPhase;
			buildActionMask = 2147483647;
			files = (
			);
			runOnlyForDeploymentPostprocessing = 0;
		};
/* End PBXSourcesBuildPhase section */

/* Begin PBXTargetDependency section */
		4200FDB82CA2D0B700818943 /* PBXTargetDependency */ = {
			isa = PBXTargetDependency;
			target = 4200FDA02CA2D0B600818943 /* Astroid Blaster3D */;
			targetProxy = 4200FDB72CA2D0B700818943 /* PBXContainerItemProxy */;
		};
		4200FDC22CA2D0B700818943 /* PBXTargetDependency */ = {
			isa = PBXTargetDependency;
			target = 4200FDA02CA2D0B600818943 /* Astroid Blaster3D */;
			targetProxy = 4200FDC12CA2D0B700818943 /* PBXContainerItemProxy */;
		};
/* End PBXTargetDependency section */

/* Begin XCBuildConfiguration section */
		4200FDC82CA2D0B700818943 /* Debug */ = {
			isa = XCBuildConfiguration;
			buildSettings = {
				ALWAYS_SEARCH_USER_PATHS = NO;
				ASSETCATALOG_COMPILER_GENERATE_SWIFT_ASSET_SYMBOL_EXTENSIONS = YES;
				CLANG_ANALYZER_NONNULL = YES;
				CLANG_ANALYZER_NUMBER_OBJECT_CONVERSION = YES_AGGRESSIVE;
				CLANG_CXX_LANGUAGE_STANDARD = "gnu++20";
				CLANG_ENABLE_MODULES = YES;
				CLANG_ENABLE_OBJC_ARC = YES;
				CLANG_ENABLE_OBJC_WEAK = YES;
				CLANG_WARN_BLOCK_CAPTURE_AUTORELEASING = YES;
				CLANG_WARN_BOOL_CONVERSION = YES;
				CLANG_WARN_COMMA = YES;
				CLANG_WARN_CONSTANT_CONVERSION = YES;
				CLANG_WARN_DEPRECATED_OBJC_IMPLEMENTATIONS = YES;
				CLANG_WARN_DIRECT_OBJC_ISA_USAGE = YES_ERROR;
				CLANG_WARN_DOCUMENTATION_COMMENTS = YES;
				CLANG_WARN_EMPTY_BODY = YES;
				CLANG_WARN_ENUM_CONVERSION = YES;
				CLANG_WARN_INFINITE_RECURSION = YES;
				CLANG_WARN_INT_CONVERSION = YES;
				CLANG_WARN_NON_LITERAL_NULL_CONVERSION = YES;
				CLANG_WARN_OBJC_IMPLICIT_RETAIN_SELF = YES;
				CLANG_WARN_OBJC_LITERAL_CONVERSION = YES;
				CLANG_WARN_OBJC_ROOT_CLASS = YES_ERROR;
				CLANG_WARN_QUOTED_INCLUDE_IN_FRAMEWORK_HEADER = YES;
				CLANG_WARN_RANGE_LOOP_ANALYSIS = YES;
				CLANG_WARN_STRICT_PROTOTYPES = YES;
				CLANG_WARN_SUSPICIOUS_MOVE = YES;
				CLANG_WARN_UNGUARDED_AVAILABILITY = YES_AGGRESSIVE;
				CLANG_WARN_UNREACHABLE_CODE = YES;
				CLANG_WARN__DUPLICATE_METHOD_MATCH = YES;
				COPY_PHASE_STRIP = NO;
				DEBUG_INFORMATION_FORMAT = dwarf;
				ENABLE_STRICT_OBJC_MSGSEND = YES;
				ENABLE_TESTABILITY = YES;
				ENABLE_USER_SCRIPT_SANDBOXING = YES;
				GCC_C_LANGUAGE_STANDARD = gnu17;
				GCC_DYNAMIC_NO_PIC = NO;
				GCC_NO_COMMON_BLOCKS = YES;
				GCC_OPTIMIZATION_LEVEL = 0;
				GCC_PREPROCESSOR_DEFINITIONS = (
					"DEBUG=1",
					"$(inherited)",
				);
				GCC_WARN_64_TO_32_BIT_CONVERSION = YES;
				GCC_WARN_ABOUT_RETURN_TYPE = YES_ERROR;
				GCC_WARN_UNDECLARED_SELECTOR = YES;
				GCC_WARN_UNINITIALIZED_AUTOS = YES_AGGRESSIVE;
				GCC_WARN_UNUSED_FUNCTION = YES;
				GCC_WARN_UNUSED_VARIABLE = YES;
				IPHONEOS_DEPLOYMENT_TARGET = 18.0;
				LOCALIZATION_PREFERS_STRING_CATALOGS = YES;
				MTL_ENABLE_DEBUG_INFO = INCLUDE_SOURCE;
				MTL_FAST_MATH = YES;
				ONLY_ACTIVE_ARCH = YES;
				SDKROOT = iphoneos;
				SWIFT_ACTIVE_COMPILATION_CONDITIONS = "DEBUG $(inherited)";
				SWIFT_OPTIMIZATION_LEVEL = "-Onone";
				SWIFT_VERSION = "";
			};
			name = Debug;
		};
		4200FDC92CA2D0B700818943 /* Release */ = {
			isa = XCBuildConfiguration;
			buildSettings = {
				ALWAYS_SEARCH_USER_PATHS = NO;
				ASSETCATALOG_COMPILER_GENERATE_SWIFT_ASSET_SYMBOL_EXTENSIONS = YES;
				CLANG_ANALYZER_NONNULL = YES;
				CLANG_ANALYZER_NUMBER_OBJECT_CONVERSION = YES_AGGRESSIVE;
				CLANG_CXX_LANGUAGE_STANDARD = "gnu++20";
				CLANG_ENABLE_MODULES = YES;
				CLANG_ENABLE_OBJC_ARC = YES;
				CLANG_ENABLE_OBJC_WEAK = YES;
				CLANG_WARN_BLOCK_CAPTURE_AUTORELEASING = YES;
				CLANG_WARN_BOOL_CONVERSION = YES;
				CLANG_WARN_COMMA = YES;
				CLANG_WARN_CONSTANT_CONVERSION = YES;
				CLANG_WARN_DEPRECATED_OBJC_IMPLEMENTATIONS = YES;
				CLANG_WARN_DIRECT_OBJC_ISA_USAGE = YES_ERROR;
				CLANG_WARN_DOCUMENTATION_COMMENTS = YES;
				CLANG_WARN_EMPTY_BODY = YES;
				CLANG_WARN_ENUM_CONVERSION = YES;
				CLANG_WARN_INFINITE_RECURSION = YES;
				CLANG_WARN_INT_CONVERSION = YES;
				CLANG_WARN_NON_LITERAL_NULL_CONVERSION = YES;
				CLANG_WARN_OBJC_IMPLICIT_RETAIN_SELF = YES;
				CLANG_WARN_OBJC_LITERAL_CONVERSION = YES;
				CLANG_WARN_OBJC_ROOT_CLASS = YES_ERROR;
				CLANG_WARN_QUOTED_INCLUDE_IN_FRAMEWORK_HEADER = YES;
				CLANG_WARN_RANGE_LOOP_ANALYSIS = YES;
				CLANG_WARN_STRICT_PROTOTYPES = YES;
				CLANG_WARN_SUSPICIOUS_MOVE = YES;
				CLANG_WARN_UNGUARDED_AVAILABILITY = YES_AGGRESSIVE;
				CLANG_WARN_UNREACHABLE_CODE = YES;
				CLANG_WARN__DUPLICATE_METHOD_MATCH = YES;
				COPY_PHASE_STRIP = NO;
				DEBUG_INFORMATION_FORMAT = "dwarf-with-dsym";
				ENABLE_NS_ASSERTIONS = NO;
				ENABLE_STRICT_OBJC_MSGSEND = YES;
				ENABLE_USER_SCRIPT_SANDBOXING = YES;
				GCC_C_LANGUAGE_STANDARD = gnu17;
				GCC_NO_COMMON_BLOCKS = YES;
				GCC_WARN_64_TO_32_BIT_CONVERSION = YES;
				GCC_WARN_ABOUT_RETURN_TYPE = YES_ERROR;
				GCC_WARN_UNDECLARED_SELECTOR = YES;
				GCC_WARN_UNINITIALIZED_AUTOS = YES_AGGRESSIVE;
				GCC_WARN_UNUSED_FUNCTION = YES;
				GCC_WARN_UNUSED_VARIABLE = YES;
				IPHONEOS_DEPLOYMENT_TARGET = 18.0;
				LOCALIZATION_PREFERS_STRING_CATALOGS = YES;
				MTL_ENABLE_DEBUG_INFO = NO;
				MTL_FAST_MATH = YES;
				SDKROOT = iphoneos;
				SWIFT_COMPILATION_MODE = wholemodule;
				SWIFT_VERSION = "";
				VALIDATE_PRODUCT = YES;
			};
			name = Release;
		};
		4200FDCB2CA2D0B700818943 /* Debug */ = {
			isa = XCBuildConfiguration;
			buildSettings = {
				ASSETCATALOG_COMPILER_APPICON_NAME = AppIcon;
				ASSETCATALOG_COMPILER_GLOBAL_ACCENT_COLOR_NAME = AccentColor;
				CODE_SIGN_IDENTITY = "Apple Development";
				CODE_SIGN_STYLE = Automatic;
				CURRENT_PROJECT_VERSION = 1;
				DEVELOPMENT_TEAM = K36N35W9WG;
				GENERATE_INFOPLIST_FILE = YES;
				INFOPLIST_FILE = "Astroid-Blaster3D-Info.plist";
				INFOPLIST_KEY_LSApplicationCategoryType = "public.app-category.arcade-games";
				INFOPLIST_KEY_UIApplicationSupportsIndirectInputEvents = YES;
				INFOPLIST_KEY_UILaunchStoryboardName = "";
				INFOPLIST_KEY_UIMainStoryboardFile = Main;
				INFOPLIST_KEY_UIRequiresFullScreen = NO;
				INFOPLIST_KEY_UIStatusBarHidden = YES;
				INFOPLIST_KEY_UISupportedInterfaceOrientations = "UIInterfaceOrientationLandscapeLeft UIInterfaceOrientationLandscapeRight";
				LD_RUNPATH_SEARCH_PATHS = (
					"$(inherited)",
					"@executable_path/Frameworks",
				);
				MARKETING_VERSION = 1.0;
				PRODUCT_BUNDLE_IDENTIFIER = "de.guenter-voit.Astroid-Blaster3D";
				PRODUCT_NAME = "$(TARGET_NAME)";
				PROVISIONING_PROFILE_SPECIFIER = "";
				SWIFT_EMIT_LOC_STRINGS = YES;
				SWIFT_VERSION = 5.0;
				TARGETED_DEVICE_FAMILY = "1,2";
			};
			name = Debug;
		};
		4200FDCC2CA2D0B700818943 /* Release */ = {
			isa = XCBuildConfiguration;
			buildSettings = {
				ASSETCATALOG_COMPILER_APPICON_NAME = AppIcon;
				ASSETCATALOG_COMPILER_GLOBAL_ACCENT_COLOR_NAME = AccentColor;
				CODE_SIGN_IDENTITY = "Apple Development";
				CODE_SIGN_STYLE = Automatic;
				CURRENT_PROJECT_VERSION = 1;
				DEVELOPMENT_TEAM = K36N35W9WG;
				GENERATE_INFOPLIST_FILE = YES;
				INFOPLIST_FILE = "Astroid-Blaster3D-Info.plist";
				INFOPLIST_KEY_LSApplicationCategoryType = "public.app-category.arcade-games";
				INFOPLIST_KEY_UIApplicationSupportsIndirectInputEvents = YES;
				INFOPLIST_KEY_UILaunchStoryboardName = "";
				INFOPLIST_KEY_UIMainStoryboardFile = Main;
				INFOPLIST_KEY_UIRequiresFullScreen = NO;
				INFOPLIST_KEY_UIStatusBarHidden = YES;
				INFOPLIST_KEY_UISupportedInterfaceOrientations = "UIInterfaceOrientationLandscapeLeft UIInterfaceOrientationLandscapeRight";
				LD_RUNPATH_SEARCH_PATHS = (
					"$(inherited)",
					"@executable_path/Frameworks",
				);
				MARKETING_VERSION = 1.0;
				PRODUCT_BUNDLE_IDENTIFIER = "de.guenter-voit.Astroid-Blaster3D";
				PRODUCT_NAME = "$(TARGET_NAME)";
				PROVISIONING_PROFILE_SPECIFIER = "";
				SWIFT_EMIT_LOC_STRINGS = YES;
				SWIFT_VERSION = 5.0;
				TARGETED_DEVICE_FAMILY = "1,2";
			};
			name = Release;
		};
		4200FDCE2CA2D0B700818943 /* Debug */ = {
			isa = XCBuildConfiguration;
			buildSettings = {
				BUNDLE_LOADER = "$(TEST_HOST)";
				CODE_SIGN_STYLE = Automatic;
				CURRENT_PROJECT_VERSION = 1;
				DEVELOPMENT_TEAM = K36N35W9WG;
				GENERATE_INFOPLIST_FILE = YES;
				IPHONEOS_DEPLOYMENT_TARGET = 18.0;
				MARKETING_VERSION = 1.0;
				PRODUCT_BUNDLE_IDENTIFIER = "de.guenter-voit.Astroid-Blaster3DTests";
				PRODUCT_NAME = "$(TARGET_NAME)";
				SWIFT_EMIT_LOC_STRINGS = NO;
				SWIFT_VERSION = 5.0;
				TARGETED_DEVICE_FAMILY = "1,2";
				TEST_HOST = "$(BUILT_PRODUCTS_DIR)/Astroid Blaster3D.app/$(BUNDLE_EXECUTABLE_FOLDER_PATH)/Astroid Blaster3D";
			};
			name = Debug;
		};
		4200FDCF2CA2D0B700818943 /* Release */ = {
			isa = XCBuildConfiguration;
			buildSettings = {
				BUNDLE_LOADER = "$(TEST_HOST)";
				CODE_SIGN_STYLE = Automatic;
				CURRENT_PROJECT_VERSION = 1;
				DEVELOPMENT_TEAM = K36N35W9WG;
				GENERATE_INFOPLIST_FILE = YES;
				IPHONEOS_DEPLOYMENT_TARGET = 18.0;
				MARKETING_VERSION = 1.0;
				PRODUCT_BUNDLE_IDENTIFIER = "de.guenter-voit.Astroid-Blaster3DTests";
				PRODUCT_NAME = "$(TARGET_NAME)";
				SWIFT_EMIT_LOC_STRINGS = NO;
				SWIFT_VERSION = 5.0;
				TARGETED_DEVICE_FAMILY = "1,2";
				TEST_HOST = "$(BUILT_PRODUCTS_DIR)/Astroid Blaster3D.app/$(BUNDLE_EXECUTABLE_FOLDER_PATH)/Astroid Blaster3D";
			};
			name = Release;
		};
		4200FDD12CA2D0B700818943 /* Debug */ = {
			isa = XCBuildConfiguration;
			buildSettings = {
				CODE_SIGN_STYLE = Automatic;
				CURRENT_PROJECT_VERSION = 1;
				DEVELOPMENT_TEAM = K36N35W9WG;
				GENERATE_INFOPLIST_FILE = YES;
				MARKETING_VERSION = 1.0;
				PRODUCT_BUNDLE_IDENTIFIER = "de.guenter-voit.Astroid-Blaster3DUITests";
				PRODUCT_NAME = "$(TARGET_NAME)";
				SWIFT_EMIT_LOC_STRINGS = NO;
				SWIFT_VERSION = 5.0;
				TARGETED_DEVICE_FAMILY = "1,2";
				TEST_TARGET_NAME = "Astroid Blaster3D";
			};
			name = Debug;
		};
		4200FDD22CA2D0B700818943 /* Release */ = {
			isa = XCBuildConfiguration;
			buildSettings = {
				CODE_SIGN_STYLE = Automatic;
				CURRENT_PROJECT_VERSION = 1;
				DEVELOPMENT_TEAM = K36N35W9WG;
				GENERATE_INFOPLIST_FILE = YES;
				MARKETING_VERSION = 1.0;
				PRODUCT_BUNDLE_IDENTIFIER = "de.guenter-voit.Astroid-Blaster3DUITests";
				PRODUCT_NAME = "$(TARGET_NAME)";
				SWIFT_EMIT_LOC_STRINGS = NO;
				SWIFT_VERSION = 5.0;
				TARGETED_DEVICE_FAMILY = "1,2";
				TEST_TARGET_NAME = "Astroid Blaster3D";
			};
			name = Release;
		};
/* End XCBuildConfiguration section */

/* Begin XCConfigurationList section */
		4200FD9C2CA2D0B600818943 /* Build configuration list for PBXProject "Astroid Blaster3D" */ = {
			isa = XCConfigurationList;
			buildConfigurations = (
				4200FDC82CA2D0B700818943 /* Debug */,
				4200FDC92CA2D0B700818943 /* Release */,
			);
			defaultConfigurationIsVisible = 0;
			defaultConfigurationName = Release;
		};
		4200FDCA2CA2D0B700818943 /* Build configuration list for PBXNativeTarget "Astroid Blaster3D" */ = {
			isa = XCConfigurationList;
			buildConfigurations = (
				4200FDCB2CA2D0B700818943 /* Debug */,
				4200FDCC2CA2D0B700818943 /* Release */,
			);
			defaultConfigurationIsVisible = 0;
			defaultConfigurationName = Release;
		};
		4200FDCD2CA2D0B700818943 /* Build configuration list for PBXNativeTarget "Astroid Blaster3DTests" */ = {
			isa = XCConfigurationList;
			buildConfigurations = (
				4200FDCE2CA2D0B700818943 /* Debug */,
				4200FDCF2CA2D0B700818943 /* Release */,
			);
			defaultConfigurationIsVisible = 0;
			defaultConfigurationName = Release;
		};
		4200FDD02CA2D0B700818943 /* Build configuration list for PBXNativeTarget "Astroid Blaster3DUITests" */ = {
			isa = XCConfigurationList;
			buildConfigurations = (
				4200FDD12CA2D0B700818943 /* Debug */,
				4200FDD22CA2D0B700818943 /* Release */,
			);
			defaultConfigurationIsVisible = 0;
			defaultConfigurationName = Release;
		};
/* End XCConfigurationList section */
	};
	rootObject = 4200FD992CA2D0B600818943 /* Project object */;
}
